
Microsoft Visual Studio Solution File, Format Version 12.00
# Visual Studio Version 17
VisualStudioVersion = 17.2.32630.192
MinimumVisualStudioVersion = 10.0.40219.1
Project("{FAE04EC0-301F-11D3-BF4B-00C04F79EFBC}") = "Aggregator", "Aggregator.csproj", "{F29491C5-8C7B-45F4-BAD5-4CEFD487EBE5}"
EndProject
Global
	GlobalSection(SolutionConfigurationPlatforms) = preSolution
		Debug|Any CPU = Debug|Any CPU
		Release|Any CPU = Release|Any CPU
	EndGlobalSection
	GlobalSection(ProjectConfigurationPlatforms) = postSolution
		{F29491C5-8C7B-45F4-BAD5-4CEFD487EBE5}.Debug|Any CPU.ActiveCfg = Debug|Any CPU
		{F29491C5-8C7B-45F4-BAD5-4CEFD487EBE5}.Debug|Any CPU.Build.0 = Debug|Any CPU
		{F29491C5-8C7B-45F4-BAD5-4CEFD487EBE5}.Release|Any CPU.ActiveCfg = Release|Any CPU
		{F29491C5-8C7B-45F4-BAD5-4CEFD487EBE5}.Release|Any CPU.Build.0 = Release|Any CPU
	EndGlobalSection
	GlobalSection(SolutionProperties) = preSolution
		HideSolutionNode = FALSE
	EndGlobalSection
	GlobalSection(ExtensibilityGlobals) = postSolution
		SolutionGuid = {7FBBB4A3-9726-47E0-B7A3-2D940DA74E02}
	EndGlobalSection
EndGlobal
